
Microsoft Visual Studio Solution File, Format Version 12.00
# Visual Studio Version 16
VisualStudioVersion = 16.0.30320.27
MinimumVisualStudioVersion = 10.0.40219.1
Project("{FAE04EC0-301F-11D3-BF4B-00C04F79EFBC}") = "WebAPIModulo10I", "WebAPIModulo10I.csproj", "{B9CFFE8D-0CB8-41B4-BBE5-F088A145338C}"
EndProject
Global
	GlobalSection(SolutionConfigurationPlatforms) = preSolution
		Debug|Any CPU = Debug|Any CPU
		Release|Any CPU = Release|Any CPU
	EndGlobalSection
	GlobalSection(ProjectConfigurationPlatforms) = postSolution
		{B9CFFE8D-0CB8-41B4-BBE5-F088A145338C}.Debug|Any CPU.ActiveCfg = Debug|Any CPU
		{B9CFFE8D-0CB8-41B4-BBE5-F088A145338C}.Debug|Any CPU.Build.0 = Debug|Any CPU
		{B9CFFE8D-0CB8-41B4-BBE5-F088A145338C}.Release|Any CPU.ActiveCfg = Release|Any CPU
		{B9CFFE8D-0CB8-41B4-BBE5-F088A145338C}.Release|Any CPU.Build.0 = Release|Any CPU
	EndGlobalSection
	GlobalSection(SolutionProperties) = preSolution
		HideSolutionNode = FALSE
	EndGlobalSection
	GlobalSection(ExtensibilityGlobals) = postSolution
		SolutionGuid = {91534FB3-9D3D-4327-81EF-B7960913CBF8}
	EndGlobalSection
EndGlobal
